
Microsoft Visual Studio Solution File, Format Version 12.00
# Visual Studio Version 17
VisualStudioVersion = 17.11.35222.181
MinimumVisualStudioVersion = 10.0.40219.1
Project("{FAE04EC0-301F-11D3-BF4B-00C04F79EFBC}") = "sem2", "sem2\sem2.csproj", "{7D812247-492C-4613-935A-0366EDD722CB}"
EndProject
Global
	GlobalSection(SolutionConfigurationPlatforms) = preSolution
		Debug|Any CPU = Debug|Any CPU
		Release|Any CPU = Release|Any CPU
	EndGlobalSection
	GlobalSection(ProjectConfigurationPlatforms) = postSolution
		{7D812247-492C-4613-935A-0366EDD722CB}.Debug|Any CPU.ActiveCfg = Debug|Any CPU
		{7D812247-492C-4613-935A-0366EDD722CB}.Debug|Any CPU.Build.0 = Debug|Any CPU
		{7D812247-492C-4613-935A-0366EDD722CB}.Release|Any CPU.ActiveCfg = Release|Any CPU
		{7D812247-492C-4613-935A-0366EDD722CB}.Release|Any CPU.Build.0 = Release|Any CPU
	EndGlobalSection
	GlobalSection(SolutionProperties) = preSolution
		HideSolutionNode = FALSE
	EndGlobalSection
	GlobalSection(ExtensibilityGlobals) = postSolution
		SolutionGuid = {85FE54D1-FA13-4EC2-832C-8BEE202A011A}
	EndGlobalSection
EndGlobal
